
Microsoft Visual Studio Solution File, Format Version 12.00
# Visual Studio Version 17
VisualStudioVersion = 17.14.36408.4 d17.14
MinimumVisualStudioVersion = 10.0.40219.1
Project("{FAE04EC0-301F-11D3-BF4B-00C04F79EFBC}") = "ConsoleApp1", "ConsoleApp1\ConsoleApp1.csproj", "{EF4FC9A9-075A-48A9-AF2C-FD9EBE7A67D5}"
EndProject
Global
	GlobalSection(SolutionConfigurationPlatforms) = preSolution
		Debug|Any CPU = Debug|Any CPU
		Release|Any CPU = Release|Any CPU
	EndGlobalSection
	GlobalSection(ProjectConfigurationPlatforms) = postSolution
		{EF4FC9A9-075A-48A9-AF2C-FD9EBE7A67D5}.Debug|Any CPU.ActiveCfg = Debug|Any CPU
		{EF4FC9A9-075A-48A9-AF2C-FD9EBE7A67D5}.Debug|Any CPU.Build.0 = Debug|Any CPU
		{EF4FC9A9-075A-48A9-AF2C-FD9EBE7A67D5}.Release|Any CPU.ActiveCfg = Release|Any CPU
		{EF4FC9A9-075A-48A9-AF2C-FD9EBE7A67D5}.Release|Any CPU.Build.0 = Release|Any CPU
	EndGlobalSection
	GlobalSection(SolutionProperties) = preSolution
		HideSolutionNode = FALSE
	EndGlobalSection
	GlobalSection(ExtensibilityGlobals) = postSolution
		SolutionGuid = {4DA22852-C639-4FDA-9FB4-C104B9F1957A}
	EndGlobalSection
EndGlobal
